{
  "name": "chan-dongle-extended-client",
  "version": "0.16.2",
  "lockfileVersion": 1,
  "requires": true,
  "dependencies": {
    "@types/node": {
      "version": "9.6.57",
      "resolved": "https://registry.npmjs.org/@types/node/-/node-9.6.57.tgz",
      "integrity": "sha512-588MBlPWKeJFshLmnYbqMEaM3NaJFCVZFgpQ5rQxKCVXMNw2Gs7sTORvCDlaPBP6AabiIvmd22eT9fcIvTeZUw==",
      "dev": true
    },
    "charenc": {
      "version": "0.0.2",
      "resolved": "https://registry.npmjs.org/charenc/-/charenc-0.0.2.tgz",
      "integrity": "sha1-wKHS86cJLgN3S/qD8UwPxXkKhmc="
    },
    "colors": {
      "version": "1.4.0",
      "resolved": "https://registry.npmjs.org/colors/-/colors-1.4.0.tgz",
      "integrity": "sha512-a+UqTh4kgZg/SlGvfbzDHpgRu7AAQOmmqRHJnxhRZICKFUT91brVhNNt58CMWU9PsBbv3PDCZUHbVxuDiH2mtA=="
    },
    "crypt": {
      "version": "0.0.2",
      "resolved": "https://registry.npmjs.org/crypt/-/crypt-0.0.2.tgz",
      "integrity": "sha1-iNf/fsDfuG9xPch7u0LQRNPmxBs="
    },
    "evt": {
      "version": "1.8.7",
      "resolved": "https://registry.npmjs.org/evt/-/evt-1.8.7.tgz",
      "integrity": "sha512-+yk8cryrCasrOGCWCmr+Q4MTp2/ujM1BGDL2zo73cI++gfxLDE8TvO0lL0NqKvURybcm485jQYakXOn0FeyLPg==",
      "requires": {
        "minimal-polyfills": "^2.1.4",
        "run-exclusive": "^2.2.13"
      }
    },
    "function-bind": {
      "version": "1.1.1",
      "resolved": "https://registry.npmjs.org/function-bind/-/function-bind-1.1.1.tgz",
      "integrity": "sha512-yIovAzMX49sF8Yl58fSCWJ5svSLuaibPxXQJFLmBObTuCr0Mf1KiPopGM9NiFjiYBCbfaa2Fh6breQ6ANVTI0A=="
    },
    "has": {
      "version": "1.0.3",
      "resolved": "https://registry.npmjs.org/has/-/has-1.0.3.tgz",
      "integrity": "sha512-f2dvO0VU6Oej7RkWJGrehjbzMAjFp5/VKPp5tTpWIV4JHHZK1/BxbFRtf/siA2SWTe09caDmVtYYzWEIbBS4zw==",
      "requires": {
        "function-bind": "^1.1.1"
      }
    },
    "is-buffer": {
      "version": "1.1.6",
      "resolved": "https://registry.npmjs.org/is-buffer/-/is-buffer-1.1.6.tgz",
      "integrity": "sha512-NcdALwpXkTm5Zvvbk7owOUSvVvBKDgKP5/ewfXEznmQFfs4ZRmanOeKBTjRVjka3QFoN6XJ+9F3USqfHqTaU5w=="
    },
    "md5": {
      "version": "2.3.0",
      "resolved": "https://registry.npmjs.org/md5/-/md5-2.3.0.tgz",
      "integrity": "sha512-T1GITYmFaKuO91vxyoQMFETst+O71VUPEU3ze5GNzDm0OWdP8v1ziTaAEPUr/3kLsY3Sftgz242A1SetQiDL7g==",
      "requires": {
        "charenc": "0.0.2",
        "crypt": "0.0.2",
        "is-buffer": "~1.1.6"
      }
    },
    "minimal-polyfills": {
      "version": "2.1.4",
      "resolved": "https://registry.npmjs.org/minimal-polyfills/-/minimal-polyfills-2.1.4.tgz",
      "integrity": "sha512-X4hfRfqGz+9f92hOy0kw4URE9TZEkmLDonLVXKETulK2Vjoo6ovBmVJkSGAgQX2fNIG3xZ9pW4V7+TWCQa8zFw=="
    },
    "run-exclusive": {
      "version": "2.2.13",
      "resolved": "https://registry.npmjs.org/run-exclusive/-/run-exclusive-2.2.13.tgz",
      "integrity": "sha512-88PHMS2WjLYSY2MjFvnq1QG5yTbWg+ePPwgY7UQF4gP2ALx2i3brwGyDs7fN7UMEuiLIJ0SMTQxpA42Vi07qtA==",
      "requires": {
        "minimal-polyfills": "^2.1.4"
      }
    },
    "seedrandom": {
      "version": "3.0.5",
      "resolved": "https://registry.npmjs.org/seedrandom/-/seedrandom-3.0.5.tgz",
      "integrity": "sha512-8OwmbklUNzwezjGInmZ+2clQmExQPvomqjL7LFqOYqtmuxRgQYqOD3mHaU+MvZn5FLUeVxVfQjwLZW/n/JFuqg=="
    },
    "setprototypeof": {
      "version": "1.2.0",
      "resolved": "https://registry.npmjs.org/setprototypeof/-/setprototypeof-1.2.0.tgz",
      "integrity": "sha512-E5LDX7Wrp85Kil5bhZv46j8jOeboKq5JMmYM3gVGdGH8xFpPWXUMsNrlODCrkoxMEeNi/XZIwuRvY4XNwYMJpw=="
    },
    "super-json": {
      "version": "2.2.0",
      "resolved": "https://registry.npmjs.org/super-json/-/super-json-2.2.0.tgz",
      "integrity": "sha1-TVB8Pros+8O4oXSod99pJeQc7Oc=",
      "requires": {
        "has": "^1.0.1"
      }
    },
    "trackable-map": {
      "version": "github:garronej/trackable-map#a7399de0c4602f266030ef4980991dc262f63f16",
      "from": "github:garronej/trackable-map",
      "requires": {
        "evt": "^1.8.7"
      }
    },
    "transfer-tools": {
      "version": "github:garronej/transfer-tools#a9791716497c73b5bcb663a957b56b823a9caf24",
      "from": "github:garronej/transfer-tools",
      "requires": {
        "seedrandom": "^3.0.1",
        "super-json": "^2.2.0"
      }
    },
    "ts-sip": {
      "version": "github:garronej/ts-sip#98f2e609715552566da77d946df9d2814297af60",
      "from": "github:garronej/ts-sip",
      "requires": {
        "colors": "^1.3.0",
        "evt": "^1.8.7",
        "setprototypeof": "^1.1.1",
        "transfer-tools": "github:garronej/transfer-tools#a9791716497c73b5bcb663a957b56b823a9caf24"
      }
    },
    "typescript": {
      "version": "3.9.7",
      "resolved": "https://registry.npmjs.org/typescript/-/typescript-3.9.7.tgz",
      "integrity": "sha512-BLbiRkiBzAwsjut4x/dsibSTB6yWpwT5qWmC2OfuCg3GgVQCSgMs4vEctYPhsaGtd0AeuuHMkjZ2h2WG8MSzRw==",
      "dev": true
    }
  }
}
