{
  "name": "chan-dongle-extended-client",
  "version": "0.16.1",
  "lockfileVersion": 1,
  "requires": true,
  "dependencies": {
    "@types/node": {
      "version": "9.6.55",
      "resolved": "https://registry.npmjs.org/@types/node/-/node-9.6.55.tgz",
      "integrity": "sha512-e/5tg8Ok0gSrN6pvHphnwTK0/CD9VPZrtZqpvvpEFAtfs+ZntusgGaWkf2lSEq1OFe2EDPeUMiMVpy4nZpJ4AQ==",
      "dev": true
    },
    "charenc": {
      "version": "0.0.2",
      "resolved": "https://registry.npmjs.org/charenc/-/charenc-0.0.2.tgz",
      "integrity": "sha1-wKHS86cJLgN3S/qD8UwPxXkKhmc="
    },
    "colors": {
      "version": "1.4.0",
      "resolved": "https://registry.npmjs.org/colors/-/colors-1.4.0.tgz",
      "integrity": "sha512-a+UqTh4kgZg/SlGvfbzDHpgRu7AAQOmmqRHJnxhRZICKFUT91brVhNNt58CMWU9PsBbv3PDCZUHbVxuDiH2mtA=="
    },
    "crypt": {
      "version": "0.0.2",
      "resolved": "https://registry.npmjs.org/crypt/-/crypt-0.0.2.tgz",
      "integrity": "sha1-iNf/fsDfuG9xPch7u0LQRNPmxBs="
    },
    "function-bind": {
      "version": "1.1.1",
      "resolved": "https://registry.npmjs.org/function-bind/-/function-bind-1.1.1.tgz",
      "integrity": "sha512-yIovAzMX49sF8Yl58fSCWJ5svSLuaibPxXQJFLmBObTuCr0Mf1KiPopGM9NiFjiYBCbfaa2Fh6breQ6ANVTI0A=="
    },
    "has": {
      "version": "1.0.3",
      "resolved": "https://registry.npmjs.org/has/-/has-1.0.3.tgz",
      "integrity": "sha512-f2dvO0VU6Oej7RkWJGrehjbzMAjFp5/VKPp5tTpWIV4JHHZK1/BxbFRtf/siA2SWTe09caDmVtYYzWEIbBS4zw==",
      "requires": {
        "function-bind": "^1.1.1"
      }
    },
    "is-buffer": {
      "version": "1.1.6",
      "resolved": "https://registry.npmjs.org/is-buffer/-/is-buffer-1.1.6.tgz",
      "integrity": "sha512-NcdALwpXkTm5Zvvbk7owOUSvVvBKDgKP5/ewfXEznmQFfs4ZRmanOeKBTjRVjka3QFoN6XJ+9F3USqfHqTaU5w=="
    },
    "md5": {
      "version": "2.2.1",
      "resolved": "https://registry.npmjs.org/md5/-/md5-2.2.1.tgz",
      "integrity": "sha1-U6s41f48iJG6RlMp6iP6wFQBJvk=",
      "requires": {
        "charenc": "~0.0.1",
        "crypt": "~0.0.1",
        "is-buffer": "~1.1.1"
      }
    },
    "minimal-polyfills": {
      "version": "1.0.4",
      "resolved": "https://registry.npmjs.org/minimal-polyfills/-/minimal-polyfills-1.0.4.tgz",
      "integrity": "sha512-Thj4M1y+sTzGcnLhJ9jfwLLLaXr+OPhUFL4nS6UN5KIygjRUAp6XVmzo3QyvusioW2h07E6Xd+ry8cEyEohsqA=="
    },
    "run-exclusive": {
      "version": "2.1.5",
      "resolved": "https://registry.npmjs.org/run-exclusive/-/run-exclusive-2.1.5.tgz",
      "integrity": "sha512-kKaUyI8l3cIY3gFDZgun53tfJDNLD5z5rOzv+rcVYuin3ycKUrxtl67QpsJJYPeZxy1VL3il+bbOHwwQErNEgg==",
      "requires": {
        "minimal-polyfills": "^1.0.3"
      }
    },
    "seedrandom": {
      "version": "3.0.5",
      "resolved": "https://registry.npmjs.org/seedrandom/-/seedrandom-3.0.5.tgz",
      "integrity": "sha512-8OwmbklUNzwezjGInmZ+2clQmExQPvomqjL7LFqOYqtmuxRgQYqOD3mHaU+MvZn5FLUeVxVfQjwLZW/n/JFuqg=="
    },
    "setprototypeof": {
      "version": "1.2.0",
      "resolved": "https://registry.npmjs.org/setprototypeof/-/setprototypeof-1.2.0.tgz",
      "integrity": "sha512-E5LDX7Wrp85Kil5bhZv46j8jOeboKq5JMmYM3gVGdGH8xFpPWXUMsNrlODCrkoxMEeNi/XZIwuRvY4XNwYMJpw=="
    },
    "super-json": {
      "version": "2.2.0",
      "resolved": "https://registry.npmjs.org/super-json/-/super-json-2.2.0.tgz",
      "integrity": "sha1-TVB8Pros+8O4oXSod99pJeQc7Oc=",
      "requires": {
        "has": "^1.0.1"
      }
    },
    "trackable-map": {
      "version": "github:garronej/trackable-map#7415a0851fb4677f768eefc859d627281091149f",
      "from": "github:garronej/trackable-map",
      "requires": {
        "ts-evt": "^5.0.2"
      }
    },
    "transfer-tools": {
      "version": "github:garronej/transfer-tools#a9791716497c73b5bcb663a957b56b823a9caf24",
      "from": "github:garronej/transfer-tools",
      "requires": {
        "seedrandom": "^3.0.1",
        "super-json": "^2.2.0"
      }
    },
    "ts-evt": {
      "version": "5.0.2",
      "resolved": "https://registry.npmjs.org/ts-evt/-/ts-evt-5.0.2.tgz",
      "integrity": "sha512-qHtZWAgbjG7ikR7yjmd0CL13opFPFXFdWttxx1dhxmWDwmVVO5uIhiK/f+cGoRlBTMPVAg6rvS68GWBmfyqaJA==",
      "requires": {
        "minimal-polyfills": "^1.0.3",
        "run-exclusive": "^2.1.4",
        "setprototypeof": "^1.1.1"
      }
    },
    "ts-sip": {
      "version": "github:garronej/ts-sip#3be45bf33cb5677a75d54fd9bdf22e1c7cad4dfb",
      "from": "github:garronej/ts-sip",
      "requires": {
        "colors": "^1.3.0",
        "setprototypeof": "^1.1.1",
        "transfer-tools": "github:garronej/transfer-tools",
        "ts-evt": "^5.0.2"
      }
    },
    "typescript": {
      "version": "3.7.5",
      "resolved": "https://registry.npmjs.org/typescript/-/typescript-3.7.5.tgz",
      "integrity": "sha512-/P5lkRXkWHNAbcJIiHPfRoKqyd7bsyCma1hZNUGfn20qm64T6ZBlrzprymeu918H+mB/0rIg2gGK/BXkhhYgBw==",
      "dev": true
    }
  }
}
