{
  "name": "chan-dongle-extended-client",
  "version": "0.11.4",
  "lockfileVersion": 1,
  "requires": true,
  "dependencies": {
    "@types/node": {
      "version": "9.4.5",
      "resolved": "https://registry.npmjs.org/@types/node/-/node-9.4.5.tgz",
      "integrity": "sha512-DvC7bzO5797bkApgukxouHmkOdYN2D0yL5olw0RncDpXUa6n39qTVsUi/5g2QJjPgl8qn4zh+4h0sofNoWGLRg==",
      "dev": true
    },
    "awesome-phonenumber": {
      "version": "2.2.4",
      "resolved": "https://registry.npmjs.org/awesome-phonenumber/-/awesome-phonenumber-2.2.4.tgz",
      "integrity": "sha512-Qr72Hz+AuzM3EaNuW3lqCxqtbT/oIesk4Fm7Gm/joUrlMc6rKcKaJvfXDzg5TyAm4XL6hHTbx77qyJt3hI0LPw=="
    },
    "charenc": {
      "version": "0.0.2",
      "resolved": "https://registry.npmjs.org/charenc/-/charenc-0.0.2.tgz",
      "integrity": "sha1-wKHS86cJLgN3S/qD8UwPxXkKhmc="
    },
    "colors": {
      "version": "1.1.2",
      "resolved": "https://registry.npmjs.org/colors/-/colors-1.1.2.tgz",
      "integrity": "sha1-FopHAXVran9RoSzgyXv6KMCE7WM="
    },
    "crypt": {
      "version": "0.0.2",
      "resolved": "https://registry.npmjs.org/crypt/-/crypt-0.0.2.tgz",
      "integrity": "sha1-iNf/fsDfuG9xPch7u0LQRNPmxBs="
    },
    "function-bind": {
      "version": "1.1.1",
      "resolved": "https://registry.npmjs.org/function-bind/-/function-bind-1.1.1.tgz",
      "integrity": "sha512-yIovAzMX49sF8Yl58fSCWJ5svSLuaibPxXQJFLmBObTuCr0Mf1KiPopGM9NiFjiYBCbfaa2Fh6breQ6ANVTI0A=="
    },
    "has": {
      "version": "1.0.1",
      "resolved": "https://registry.npmjs.org/has/-/has-1.0.1.tgz",
      "integrity": "sha1-hGFzP1OLCDfJNh45qauelwTcLyg=",
      "requires": {
        "function-bind": "1.1.1"
      }
    },
    "is-buffer": {
      "version": "1.1.6",
      "resolved": "https://registry.npmjs.org/is-buffer/-/is-buffer-1.1.6.tgz",
      "integrity": "sha512-NcdALwpXkTm5Zvvbk7owOUSvVvBKDgKP5/ewfXEznmQFfs4ZRmanOeKBTjRVjka3QFoN6XJ+9F3USqfHqTaU5w=="
    },
    "md5": {
      "version": "2.2.1",
      "resolved": "https://registry.npmjs.org/md5/-/md5-2.2.1.tgz",
      "integrity": "sha1-U6s41f48iJG6RlMp6iP6wFQBJvk=",
      "requires": {
        "charenc": "0.0.2",
        "crypt": "0.0.2",
        "is-buffer": "1.1.6"
      }
    },
    "rejection-tracker": {
      "version": "github:garronej/rejection-tracker#8bea020baa72fc55bb915227f5386643845418dd",
      "requires": {
        "colors": "1.1.2",
        "stack-trace": "0.0.9"
      }
    },
    "sip": {
      "version": "github:garronej/sip.js#430f3dfdd6c8019b762c1a91b5b2dcb80129b587"
    },
    "stack-trace": {
      "version": "0.0.9",
      "resolved": "https://registry.npmjs.org/stack-trace/-/stack-trace-0.0.9.tgz",
      "integrity": "sha1-qPbq7KkGdMMz58Q5U/J1tFFRBpU="
    },
    "super-json": {
      "version": "2.2.0",
      "resolved": "https://registry.npmjs.org/super-json/-/super-json-2.2.0.tgz",
      "integrity": "sha1-TVB8Pros+8O4oXSod99pJeQc7Oc=",
      "requires": {
        "has": "1.0.1"
      }
    },
    "trackable-map": {
      "version": "github:garronej/trackable-map#79c53e6d9065b6d065e2c55eb30a02b8f003450f",
      "requires": {
        "ts-events-extended": "github:garronej/ts-events-extended#e58a4be80c3d0b2c7c2216df14fb9f927e7be407"
      }
    },
    "transfer-tools": {
      "version": "github:garronej/transfer-tools#adc8426a744dd22aa3df1ff5492078d2ca94c216",
      "requires": {
        "super-json": "2.2.0"
      }
    },
    "ts-events-extended": {
      "version": "github:garronej/ts-events-extended#e58a4be80c3d0b2c7c2216df14fb9f927e7be407",
      "requires": {
        "run-exclusive": "github:garronej/run-exclusive#e7ee03f798c3f451137edb3aeb6b635e3692e2b8"
      },
      "dependencies": {
        "run-exclusive": {
          "version": "github:garronej/run-exclusive#e7ee03f798c3f451137edb3aeb6b635e3692e2b8"
        }
      }
    },
    "ts-sip": {
      "version": "github:garronej/ts-sip#54cc2400995b41d415de63067e94693cbd2a3a5c",
      "requires": {
        "colors": "1.1.2",
        "sip": "github:garronej/sip.js#430f3dfdd6c8019b762c1a91b5b2dcb80129b587",
        "transfer-tools": "github:garronej/transfer-tools#adc8426a744dd22aa3df1ff5492078d2ca94c216",
        "ts-events-extended": "github:garronej/ts-events-extended#e58a4be80c3d0b2c7c2216df14fb9f927e7be407"
      }
    },
    "typescript": {
      "version": "2.7.1",
      "resolved": "https://registry.npmjs.org/typescript/-/typescript-2.7.1.tgz",
      "integrity": "sha512-bqB1yS6o9TNA9ZC/MJxM0FZzPnZdtHj0xWK/IZ5khzVqdpGul/R/EIiHRgFXlwTD7PSIaYVnGKq1QgMCu2mnqw==",
      "dev": true
    }
  }
}
